
Microsoft Visual Studio Solution File, Format Version 12.00
# Visual Studio Version 17
VisualStudioVersion = 17.8.34330.188
MinimumVisualStudioVersion = 10.0.40219.1
Project("{FAE04EC0-301F-11D3-BF4B-00C04F79EFBC}") = "Shamsheer.Presentation", "Shamsheer.Presentation\Shamsheer.Presentation.csproj", "{0297AADF-14AA-4593-9FE1-01F3BC5CF1C1}"
EndProject
Project("{FAE04EC0-301F-11D3-BF4B-00C04F79EFBC}") = "Shamsheer.Domain", "Shamsheer.Domain\Shamsheer.Domain.csproj", "{CCC35E47-6DFD-4EEF-BEA5-181AB6A0CC82}"
EndProject
Project("{FAE04EC0-301F-11D3-BF4B-00C04F79EFBC}") = "Shamsheer.Service", "Shamsheer.Service\Shamsheer.Service.csproj", "{9509184A-EDE3-4101-8A20-56BC893566DA}"
EndProject
Project("{FAE04EC0-301F-11D3-BF4B-00C04F79EFBC}") = "Shamsheer.Data", "Shamsheer.Data\Shamsheer.Data.csproj", "{375CE750-7BC6-432F-8634-61E2B6923419}"
EndProject
Global
	GlobalSection(SolutionConfigurationPlatforms) = preSolution
		Debug|Any CPU = Debug|Any CPU
		Release|Any CPU = Release|Any CPU
	EndGlobalSection
	GlobalSection(ProjectConfigurationPlatforms) = postSolution
		{0297AADF-14AA-4593-9FE1-01F3BC5CF1C1}.Debug|Any CPU.ActiveCfg = Debug|Any CPU
		{0297AADF-14AA-4593-9FE1-01F3BC5CF1C1}.Debug|Any CPU.Build.0 = Debug|Any CPU
		{0297AADF-14AA-4593-9FE1-01F3BC5CF1C1}.Release|Any CPU.ActiveCfg = Release|Any CPU
		{0297AADF-14AA-4593-9FE1-01F3BC5CF1C1}.Release|Any CPU.Build.0 = Release|Any CPU
		{CCC35E47-6DFD-4EEF-BEA5-181AB6A0CC82}.Debug|Any CPU.ActiveCfg = Debug|Any CPU
		{CCC35E47-6DFD-4EEF-BEA5-181AB6A0CC82}.Debug|Any CPU.Build.0 = Debug|Any CPU
		{CCC35E47-6DFD-4EEF-BEA5-181AB6A0CC82}.Release|Any CPU.ActiveCfg = Release|Any CPU
		{CCC35E47-6DFD-4EEF-BEA5-181AB6A0CC82}.Release|Any CPU.Build.0 = Release|Any CPU
		{9509184A-EDE3-4101-8A20-56BC893566DA}.Debug|Any CPU.ActiveCfg = Debug|Any CPU
		{9509184A-EDE3-4101-8A20-56BC893566DA}.Debug|Any CPU.Build.0 = Debug|Any CPU
		{9509184A-EDE3-4101-8A20-56BC893566DA}.Release|Any CPU.ActiveCfg = Release|Any CPU
		{9509184A-EDE3-4101-8A20-56BC893566DA}.Release|Any CPU.Build.0 = Release|Any CPU
		{375CE750-7BC6-432F-8634-61E2B6923419}.Debug|Any CPU.ActiveCfg = Debug|Any CPU
		{375CE750-7BC6-432F-8634-61E2B6923419}.Debug|Any CPU.Build.0 = Debug|Any CPU
		{375CE750-7BC6-432F-8634-61E2B6923419}.Release|Any CPU.ActiveCfg = Release|Any CPU
		{375CE750-7BC6-432F-8634-61E2B6923419}.Release|Any CPU.Build.0 = Release|Any CPU
	EndGlobalSection
	GlobalSection(SolutionProperties) = preSolution
		HideSolutionNode = FALSE
	EndGlobalSection
	GlobalSection(ExtensibilityGlobals) = postSolution
		SolutionGuid = {1046729A-6FC8-43C1-B915-F2BBE6ED69D9}
	EndGlobalSection
EndGlobal
